// !$*UTF8*$!
{
	archiveVersion = 1;
	classes = {
	};
	objectVersion = 46;
	objects = {

/* Begin PBXBuildFile section */
		DAB97A3A1D4E0879006E8538 /* Assets.xcassets in Resources */ = {isa = PBXBuildFile; fileRef = DAB97A361D4E0874006E8538 /* Assets.xcassets */; };
		DAB97A3B1D4E0879006E8538 /* LaunchScreen.storyboard in Resources */ = {isa = PBXBuildFile; fileRef = DAB97A381D4E0874006E8538 /* LaunchScreen.storyboard */; };
		DAB97A3C1D4E0879006E8538 /* Main.storyboard in Resources */ = {isa = PBXBuildFile; fileRef = DAB97A391D4E0874006E8538 /* Main.storyboard */; };
		DABB72221D4E28450089817B /* SetupSteps.storyboard in Resources */ = {isa = PBXBuildFile; fileRef = DABB72211D4E28450089817B /* SetupSteps.storyboard */; };
		DABB72261D4E3CC30089817B /* SetupHeaderViewController.swift in Sources */ = {isa = PBXBuildFile; fileRef = DABB72251D4E3CC30089817B /* SetupHeaderViewController.swift */; };
		DAC450BE1D4EA3A7000285D7 /* Icon.png in Resources */ = {isa = PBXBuildFile; fileRef = DAC450BD1D4EA3A7000285D7 /* Icon.png */; };
		DAF156451D4E011500074DFD /* AppDelegate.swift in Sources */ = {isa = PBXBuildFile; fileRef = DAF156441D4E011500074DFD /* AppDelegate.swift */; };
		DAF156471D4E011500074DFD /* ViewController.swift in Sources */ = {isa = PBXBuildFile; fileRef = DAF156461D4E011500074DFD /* ViewController.swift */; };
/* End PBXBuildFile section */

/* Begin PBXFileReference section */
		DAB97A361D4E0874006E8538 /* Assets.xcassets */ = {isa = PBXFileReference; lastKnownFileType = folder.assetcatalog; path = Assets.xcassets; sourceTree = "<group>"; };
		DAB97A371D4E0874006E8538 /* Info.plist */ = {isa = PBXFileReference; lastKnownFileType = text.plist.xml; path = Info.plist; sourceTree = "<group>"; };
		DAB97A381D4E0874006E8538 /* LaunchScreen.storyboard */ = {isa = PBXFileReference; lastKnownFileType = file.storyboard; path = LaunchScreen.storyboard; sourceTree = "<group>"; };
		DAB97A391D4E0874006E8538 /* Main.storyboard */ = {isa = PBXFileReference; lastKnownFileType = file.storyboard; path = Main.storyboard; sourceTree = "<group>"; };
		DABB72211D4E28450089817B /* SetupSteps.storyboard */ = {isa = PBXFileReference; fileEncoding = 4; lastKnownFileType = file.storyboard; path = SetupSteps.storyboard; sourceTree = "<group>"; };
		DABB72251D4E3CC30089817B /* SetupHeaderViewController.swift */ = {isa = PBXFileReference; fileEncoding = 4; lastKnownFileType = sourcecode.swift; path = SetupHeaderViewController.swift; sourceTree = "<group>"; };
		DAC450BD1D4EA3A7000285D7 /* Icon.png */ = {isa = PBXFileReference; lastKnownFileType = image.png; path = Icon.png; sourceTree = "<group>"; };
		DAF156411D4E011500074DFD /* ExampleApp.app */ = {isa = PBXFileReference; explicitFileType = wrapper.application; includeInIndex = 0; path = ExampleApp.app; sourceTree = BUILT_PRODUCTS_DIR; };
		DAF156441D4E011500074DFD /* AppDelegate.swift */ = {isa = PBXFileReference; lastKnownFileType = sourcecode.swift; path = AppDelegate.swift; sourceTree = "<group>"; };
		DAF156461D4E011500074DFD /* ViewController.swift */ = {isa = PBXFileReference; lastKnownFileType = sourcecode.swift; path = ViewController.swift; sourceTree = "<group>"; };
/* End PBXFileReference section */

/* Begin PBXFrameworksBuildPhase section */
		DAF1563E1D4E011500074DFD /* Frameworks */ = {
			isa = PBXFrameworksBuildPhase;
			buildActionMask = 2147483647;
			files = (
			);
			runOnlyForDeploymentPostprocessing = 0;
		};
/* End PBXFrameworksBuildPhase section */

/* Begin PBXGroup section */
		DAB97A351D4E0874006E8538 /* Supporting Files */ = {
			isa = PBXGroup;
			children = (
				DAB97A361D4E0874006E8538 /* Assets.xcassets */,
				DAC450BD1D4EA3A7000285D7 /* Icon.png */,
				DAB97A371D4E0874006E8538 /* Info.plist */,
				DAB97A381D4E0874006E8538 /* LaunchScreen.storyboard */,
				DAB97A391D4E0874006E8538 /* Main.storyboard */,
			);
			path = "Supporting Files";
			sourceTree = "<group>";
		};
		DAF156381D4E011500074DFD = {
			isa = PBXGroup;
			children = (
				DAF156431D4E011500074DFD /* ExampleApp */,
				DAF156421D4E011500074DFD /* Products */,
			);
			sourceTree = "<group>";
		};
		DAF156421D4E011500074DFD /* Products */ = {
			isa = PBXGroup;
			children = (
				DAF156411D4E011500074DFD /* ExampleApp.app */,
			);
			name = Products;
			sourceTree = "<group>";
		};
		DAF156431D4E011500074DFD /* ExampleApp */ = {
			isa = PBXGroup;
			children = (
				DAF156441D4E011500074DFD /* AppDelegate.swift */,
				DAF156461D4E011500074DFD /* ViewController.swift */,
				DABB72211D4E28450089817B /* SetupSteps.storyboard */,
				DABB72251D4E3CC30089817B /* SetupHeaderViewController.swift */,
				DAB97A351D4E0874006E8538 /* Supporting Files */,
			);
			path = ExampleApp;
			sourceTree = "<group>";
		};
/* End PBXGroup section */

/* Begin PBXNativeTarget section */
		DAF156401D4E011500074DFD /* ExampleApp */ = {
			isa = PBXNativeTarget;
			buildConfigurationList = DAF156531D4E011500074DFD /* Build configuration list for PBXNativeTarget "ExampleApp" */;
			buildPhases = (
				DAF1563D1D4E011500074DFD /* Sources */,
				DAF1563E1D4E011500074DFD /* Frameworks */,
				DAF1563F1D4E011500074DFD /* Resources */,
			);
			buildRules = (
			);
			dependencies = (
			);
			name = ExampleApp;
			productName = ExampleApp;
			productReference = DAF156411D4E011500074DFD /* ExampleApp.app */;
			productType = "com.apple.product-type.application";
		};
/* End PBXNativeTarget section */

/* Begin PBXProject section */
		DAF156391D4E011500074DFD /* Project object */ = {
			isa = PBXProject;
			attributes = {
				LastSwiftUpdateCheck = 0730;
				LastUpgradeCheck = 0730;
				ORGANIZATIONNAME = "Marcel Dierkes";
				TargetAttributes = {
					DAF156401D4E011500074DFD = {
						CreatedOnToolsVersion = 7.3.1;
					};
				};
			};
			buildConfigurationList = DAF1563C1D4E011500074DFD /* Build configuration list for PBXProject "ExampleApp" */;
			compatibilityVersion = "Xcode 3.2";
			developmentRegion = English;
			hasScannedForEncodings = 0;
			knownRegions = (
				en,
				Base,
			);
			mainGroup = DAF156381D4E011500074DFD;
			productRefGroup = DAF156421D4E011500074DFD /* Products */;
			projectDirPath = "";
			projectRoot = "";
			targets = (
				DAF156401D4E011500074DFD /* ExampleApp */,
			);
		};
/* End PBXProject section */

/* Begin PBXResourcesBuildPhase section */
		DAF1563F1D4E011500074DFD /* Resources */ = {
			isa = PBXResourcesBuildPhase;
			buildActionMask = 2147483647;
			files = (
				DABB72221D4E28450089817B /* SetupSteps.storyboard in Resources */,
				DAB97A3C1D4E0879006E8538 /* Main.storyboard in Resources */,
				DAC450BE1D4EA3A7000285D7 /* Icon.png in Resources */,
				DAB97A3A1D4E0879006E8538 /* Assets.xcassets in Resources */,
				DAB97A3B1D4E0879006E8538 /* LaunchScreen.storyboard in Resources */,
			);
			runOnlyForDeploymentPostprocessing = 0;
		};
/* End PBXResourcesBuildPhase section */

/* Begin PBXSourcesBuildPhase section */
		DAF1563D1D4E011500074DFD /* Sources */ = {
			isa = PBXSourcesBuildPhase;
			buildActionMask = 2147483647;
			files = (
				DAF156471D4E011500074DFD /* ViewController.swift in Sources */,
				DAF156451D4E011500074DFD /* AppDelegate.swift in Sources */,
				DABB72261D4E3CC30089817B /* SetupHeaderViewController.swift in Sources */,
			);
			runOnlyForDeploymentPostprocessing = 0;
		};
/* End PBXSourcesBuildPhase section */

/* Begin XCBuildConfiguration section */
		DAF156511D4E011500074DFD /* Debug */ = {
			isa = XCBuildConfiguration;
			buildSettings = {
				ALWAYS_SEARCH_USER_PATHS = NO;
				CLANG_ANALYZER_NONNULL = YES;
				CLANG_CXX_LANGUAGE_STANDARD = "gnu++0x";
				CLANG_CXX_LIBRARY = "libc++";
				CLANG_ENABLE_MODULES = YES;
				CLANG_ENABLE_OBJC_ARC = YES;
				CLANG_WARN_BOOL_CONVERSION = YES;
				CLANG_WARN_CONSTANT_CONVERSION = YES;
				CLANG_WARN_DIRECT_OBJC_ISA_USAGE = YES_ERROR;
				CLANG_WARN_EMPTY_BODY = YES;
				CLANG_WARN_ENUM_CONVERSION = YES;
				CLANG_WARN_INT_CONVERSION = YES;
				CLANG_WARN_OBJC_ROOT_CLASS = YES_ERROR;
				CLANG_WARN_UNREACHABLE_CODE = YES;
				CLANG_WARN__DUPLICATE_METHOD_MATCH = YES;
				"CODE_SIGN_IDENTITY[sdk=iphoneos*]" = "iPhone Developer";
				COPY_PHASE_STRIP = NO;
				DEBUG_INFORMATION_FORMAT = dwarf;
				ENABLE_STRICT_OBJC_MSGSEND = YES;
				ENABLE_TESTABILITY = YES;
				GCC_C_LANGUAGE_STANDARD = gnu99;
				GCC_DYNAMIC_NO_PIC = NO;
				GCC_NO_COMMON_BLOCKS = YES;
				GCC_OPTIMIZATION_LEVEL = 0;
				GCC_PREPROCESSOR_DEFINITIONS = (
					"DEBUG=1",
					"$(inherited)",
				);
				GCC_WARN_64_TO_32_BIT_CONVERSION = YES;
				GCC_WARN_ABOUT_RETURN_TYPE = YES_ERROR;
				GCC_WARN_UNDECLARED_SELECTOR = YES;
				GCC_WARN_UNINITIALIZED_AUTOS = YES_AGGRESSIVE;
				GCC_WARN_UNUSED_FUNCTION = YES;
				GCC_WARN_UNUSED_VARIABLE = YES;
				IPHONEOS_DEPLOYMENT_TARGET = 9.3;
				MTL_ENABLE_DEBUG_INFO = YES;
				ONLY_ACTIVE_ARCH = YES;
				SDKROOT = iphoneos;
				SWIFT_OPTIMIZATION_LEVEL = "-Onone";
				TARGETED_DEVICE_FAMILY = "1,2";
			};
			name = Debug;
		};
		DAF156521D4E011500074DFD /* Release */ = {
			isa = XCBuildConfiguration;
			buildSettings = {
				ALWAYS_SEARCH_USER_PATHS = NO;
				CLANG_ANALYZER_NONNULL = YES;
				CLANG_CXX_LANGUAGE_STANDARD = "gnu++0x";
				CLANG_CXX_LIBRARY = "libc++";
				CLANG_ENABLE_MODULES = YES;
				CLANG_ENABLE_OBJC_ARC = YES;
				CLANG_WARN_BOOL_CONVERSION = YES;
				CLANG_WARN_CONSTANT_CONVERSION = YES;
				CLANG_WARN_DIRECT_OBJC_ISA_USAGE = YES_ERROR;
				CLANG_WARN_EMPTY_BODY = YES;
				CLANG_WARN_ENUM_CONVERSION = YES;
				CLANG_WARN_INT_CONVERSION = YES;
				CLANG_WARN_OBJC_ROOT_CLASS = YES_ERROR;
				CLANG_WARN_UNREACHABLE_CODE = YES;
				CLANG_WARN__DUPLICATE_METHOD_MATCH = YES;
				"CODE_SIGN_IDENTITY[sdk=iphoneos*]" = "iPhone Developer";
				COPY_PHASE_STRIP = NO;
				DEBUG_INFORMATION_FORMAT = "dwarf-with-dsym";
				ENABLE_NS_ASSERTIONS = NO;
				ENABLE_STRICT_OBJC_MSGSEND = YES;
				GCC_C_LANGUAGE_STANDARD = gnu99;
				GCC_NO_COMMON_BLOCKS = YES;
				GCC_WARN_64_TO_32_BIT_CONVERSION = YES;
				GCC_WARN_ABOUT_RETURN_TYPE = YES_ERROR;
				GCC_WARN_UNDECLARED_SELECTOR = YES;
				GCC_WARN_UNINITIALIZED_AUTOS = YES_AGGRESSIVE;
				GCC_WARN_UNUSED_FUNCTION = YES;
				GCC_WARN_UNUSED_VARIABLE = YES;
				IPHONEOS_DEPLOYMENT_TARGET = 9.3;
				MTL_ENABLE_DEBUG_INFO = NO;
				SDKROOT = iphoneos;
				TARGETED_DEVICE_FAMILY = "1,2";
				VALIDATE_PRODUCT = YES;
			};
			name = Release;
		};
		DAF156541D4E011500074DFD /* Debug */ = {
			isa = XCBuildConfiguration;
			buildSettings = {
				ASSETCATALOG_COMPILER_APPICON_NAME = AppIcon;
				INFOPLIST_FILE = "ExampleApp/Supporting Files/Info.plist";
				LD_RUNPATH_SEARCH_PATHS = "$(inherited) @executable_path/Frameworks";
				PRODUCT_BUNDLE_IDENTIFIER = "info.marcel-dierkes.AssistantViewController.ExampleApp";
				PRODUCT_NAME = "$(TARGET_NAME)";
			};
			name = Debug;
		};
		DAF156551D4E011500074DFD /* Release */ = {
			isa = XCBuildConfiguration;
			buildSettings = {
				ASSETCATALOG_COMPILER_APPICON_NAME = AppIcon;
				INFOPLIST_FILE = "ExampleApp/Supporting Files/Info.plist";
				LD_RUNPATH_SEARCH_PATHS = "$(inherited) @executable_path/Frameworks";
				PRODUCT_BUNDLE_IDENTIFIER = "info.marcel-dierkes.AssistantViewController.ExampleApp";
				PRODUCT_NAME = "$(TARGET_NAME)";
			};
			name = Release;
		};
/* End XCBuildConfiguration section */

/* Begin XCConfigurationList section */
		DAF1563C1D4E011500074DFD /* Build configuration list for PBXProject "ExampleApp" */ = {
			isa = XCConfigurationList;
			buildConfigurations = (
				DAF156511D4E011500074DFD /* Debug */,
				DAF156521D4E011500074DFD /* Release */,
			);
			defaultConfigurationIsVisible = 0;
			defaultConfigurationName = Release;
		};
		DAF156531D4E011500074DFD /* Build configuration list for PBXNativeTarget "ExampleApp" */ = {
			isa = XCConfigurationList;
			buildConfigurations = (
				DAF156541D4E011500074DFD /* Debug */,
				DAF156551D4E011500074DFD /* Release */,
			);
			defaultConfigurationIsVisible = 0;
			defaultConfigurationName = Release;
		};
/* End XCConfigurationList section */
	};
	rootObject = DAF156391D4E011500074DFD /* Project object */;
}
